// !$*UTF8*$!
{
	archiveVersion = 1;
	classes = {
	};
	objectVersion = 50;
	objects = {

/* Begin PBXBuildFile section */
		5E2692DF24330A55006C7147 /* AppDelegate.swift in Sources */ = {isa = PBXBuildFile; fileRef = 5E2692DE24330A55006C7147 /* AppDelegate.swift */; };
		5E2692E124330A55006C7147 /* SceneDelegate.swift in Sources */ = {isa = PBXBuildFile; fileRef = 5E2692E024330A55006C7147 /* SceneDelegate.swift */; };
		5E2692E324330A55006C7147 /* ContentView.swift in Sources */ = {isa = PBXBuildFile; fileRef = 5E2692E224330A55006C7147 /* ContentView.swift */; };
		5E2692E524330A56006C7147 /* Assets.xcassets in Resources */ = {isa = PBXBuildFile; fileRef = 5E2692E424330A56006C7147 /* Assets.xcassets */; };
		5E2692E824330A56006C7147 /* Preview Assets.xcassets in Resources */ = {isa = PBXBuildFile; fileRef = 5E2692E724330A56006C7147 /* Preview Assets.xcassets */; };
		5E2692EB24330A56006C7147 /* LaunchScreen.storyboard in Resources */ = {isa = PBXBuildFile; fileRef = 5E2692E924330A56006C7147 /* LaunchScreen.storyboard */; };
		5E2692F624330A56006C7147 /* kotlin_mpp_iosTests.swift in Sources */ = {isa = PBXBuildFile; fileRef = 5E2692F524330A56006C7147 /* kotlin_mpp_iosTests.swift */; };
		5E26930124330A56006C7147 /* kotlin_mpp_iosUITests.swift in Sources */ = {isa = PBXBuildFile; fileRef = 5E26930024330A56006C7147 /* kotlin_mpp_iosUITests.swift */; };
		5E2693102435AE67006C7147 /* kotlin_mpp_common.framework in Frameworks */ = {isa = PBXBuildFile; fileRef = 5E26930F2435AE67006C7147 /* kotlin_mpp_common.framework */; };
		5E2693112435AE67006C7147 /* kotlin_mpp_common.framework in Embed Frameworks */ = {isa = PBXBuildFile; fileRef = 5E26930F2435AE67006C7147 /* kotlin_mpp_common.framework */; settings = {ATTRIBUTES = (CodeSignOnCopy, RemoveHeadersOnCopy, ); }; };
		5E8219842438753800906993 /* BoardView.swift in Sources */ = {isa = PBXBuildFile; fileRef = 5E8219832438753800906993 /* BoardView.swift */; };
/* End PBXBuildFile section */

/* Begin PBXContainerItemProxy section */
		5E2692F224330A56006C7147 /* PBXContainerItemProxy */ = {
			isa = PBXContainerItemProxy;
			containerPortal = 5E2692D324330A55006C7147 /* Project object */;
			proxyType = 1;
			remoteGlobalIDString = 5E2692DA24330A55006C7147;
			remoteInfo = "kotlin-mpp-ios";
		};
		5E2692FD24330A56006C7147 /* PBXContainerItemProxy */ = {
			isa = PBXContainerItemProxy;
			containerPortal = 5E2692D324330A55006C7147 /* Project object */;
			proxyType = 1;
			remoteGlobalIDString = 5E2692DA24330A55006C7147;
			remoteInfo = "kotlin-mpp-ios";
		};
/* End PBXContainerItemProxy section */

/* Begin PBXCopyFilesBuildPhase section */
		5E2693122435AE68006C7147 /* Embed Frameworks */ = {
			isa = PBXCopyFilesBuildPhase;
			buildActionMask = 2147483647;
			dstPath = "";
			dstSubfolderSpec = 10;
			files = (
				5E2693112435AE67006C7147 /* kotlin_mpp_common.framework in Embed Frameworks */,
			);
			name = "Embed Frameworks";
			runOnlyForDeploymentPostprocessing = 0;
		};
/* End PBXCopyFilesBuildPhase section */

/* Begin PBXFileReference section */
		5E2692DB24330A55006C7147 /* kotlin-mpp-ios.app */ = {isa = PBXFileReference; explicitFileType = wrapper.application; includeInIndex = 0; path = "kotlin-mpp-ios.app"; sourceTree = BUILT_PRODUCTS_DIR; };
		5E2692DE24330A55006C7147 /* AppDelegate.swift */ = {isa = PBXFileReference; lastKnownFileType = sourcecode.swift; path = AppDelegate.swift; sourceTree = "<group>"; };
		5E2692E024330A55006C7147 /* SceneDelegate.swift */ = {isa = PBXFileReference; lastKnownFileType = sourcecode.swift; path = SceneDelegate.swift; sourceTree = "<group>"; };
		5E2692E224330A55006C7147 /* ContentView.swift */ = {isa = PBXFileReference; lastKnownFileType = sourcecode.swift; path = ContentView.swift; sourceTree = "<group>"; };
		5E2692E424330A56006C7147 /* Assets.xcassets */ = {isa = PBXFileReference; lastKnownFileType = folder.assetcatalog; path = Assets.xcassets; sourceTree = "<group>"; };
		5E2692E724330A56006C7147 /* Preview Assets.xcassets */ = {isa = PBXFileReference; lastKnownFileType = folder.assetcatalog; path = "Preview Assets.xcassets"; sourceTree = "<group>"; };
		5E2692EA24330A56006C7147 /* Base */ = {isa = PBXFileReference; lastKnownFileType = file.storyboard; name = Base; path = Base.lproj/LaunchScreen.storyboard; sourceTree = "<group>"; };
		5E2692EC24330A56006C7147 /* Info.plist */ = {isa = PBXFileReference; lastKnownFileType = text.plist.xml; path = Info.plist; sourceTree = "<group>"; };
		5E2692F124330A56006C7147 /* kotlin-mpp-iosTests.xctest */ = {isa = PBXFileReference; explicitFileType = wrapper.cfbundle; includeInIndex = 0; path = "kotlin-mpp-iosTests.xctest"; sourceTree = BUILT_PRODUCTS_DIR; };
		5E2692F524330A56006C7147 /* kotlin_mpp_iosTests.swift */ = {isa = PBXFileReference; lastKnownFileType = sourcecode.swift; path = kotlin_mpp_iosTests.swift; sourceTree = "<group>"; };
		5E2692F724330A56006C7147 /* Info.plist */ = {isa = PBXFileReference; lastKnownFileType = text.plist.xml; path = Info.plist; sourceTree = "<group>"; };
		5E2692FC24330A56006C7147 /* kotlin-mpp-iosUITests.xctest */ = {isa = PBXFileReference; explicitFileType = wrapper.cfbundle; includeInIndex = 0; path = "kotlin-mpp-iosUITests.xctest"; sourceTree = BUILT_PRODUCTS_DIR; };
		5E26930024330A56006C7147 /* kotlin_mpp_iosUITests.swift */ = {isa = PBXFileReference; lastKnownFileType = sourcecode.swift; path = kotlin_mpp_iosUITests.swift; sourceTree = "<group>"; };
		5E26930224330A56006C7147 /* Info.plist */ = {isa = PBXFileReference; lastKnownFileType = text.plist.xml; path = Info.plist; sourceTree = "<group>"; };
		5E26930F2435AE67006C7147 /* kotlin_mpp_common.framework */ = {isa = PBXFileReference; lastKnownFileType = wrapper.framework; name = kotlin_mpp_common.framework; path = "../kotlin-mpp-common/build/bin/iosX64/debugFramework/kotlin_mpp_common.framework"; sourceTree = "<group>"; };
		5E8219832438753800906993 /* BoardView.swift */ = {isa = PBXFileReference; lastKnownFileType = sourcecode.swift; path = BoardView.swift; sourceTree = "<group>"; };
/* End PBXFileReference section */

/* Begin PBXFrameworksBuildPhase section */
		5E2692D824330A55006C7147 /* Frameworks */ = {
			isa = PBXFrameworksBuildPhase;
			buildActionMask = 2147483647;
			files = (
				5E2693102435AE67006C7147 /* kotlin_mpp_common.framework in Frameworks */,
			);
			runOnlyForDeploymentPostprocessing = 0;
		};
		5E2692EE24330A56006C7147 /* Frameworks */ = {
			isa = PBXFrameworksBuildPhase;
			buildActionMask = 2147483647;
			files = (
			);
			runOnlyForDeploymentPostprocessing = 0;
		};
		5E2692F924330A56006C7147 /* Frameworks */ = {
			isa = PBXFrameworksBuildPhase;
			buildActionMask = 2147483647;
			files = (
			);
			runOnlyForDeploymentPostprocessing = 0;
		};
/* End PBXFrameworksBuildPhase section */

/* Begin PBXGroup section */
		5E2692D224330A55006C7147 = {
			isa = PBXGroup;
			children = (
				5E2692DD24330A55006C7147 /* kotlin-mpp-ios */,
				5E2692F424330A56006C7147 /* kotlin-mpp-iosTests */,
				5E2692FF24330A56006C7147 /* kotlin-mpp-iosUITests */,
				5E2692DC24330A55006C7147 /* Products */,
				5E26930E2435AE67006C7147 /* Frameworks */,
			);
			sourceTree = "<group>";
		};
		5E2692DC24330A55006C7147 /* Products */ = {
			isa = PBXGroup;
			children = (
				5E2692DB24330A55006C7147 /* kotlin-mpp-ios.app */,
				5E2692F124330A56006C7147 /* kotlin-mpp-iosTests.xctest */,
				5E2692FC24330A56006C7147 /* kotlin-mpp-iosUITests.xctest */,
			);
			name = Products;
			sourceTree = "<group>";
		};
		5E2692DD24330A55006C7147 /* kotlin-mpp-ios */ = {
			isa = PBXGroup;
			children = (
				5E2692DE24330A55006C7147 /* AppDelegate.swift */,
				5E2692E024330A55006C7147 /* SceneDelegate.swift */,
				5E2692E224330A55006C7147 /* ContentView.swift */,
				5E2692E424330A56006C7147 /* Assets.xcassets */,
				5E2692E924330A56006C7147 /* LaunchScreen.storyboard */,
				5E2692EC24330A56006C7147 /* Info.plist */,
				5E2692E624330A56006C7147 /* Preview Content */,
				5E8219832438753800906993 /* BoardView.swift */,
			);
			path = "kotlin-mpp-ios";
			sourceTree = "<group>";
		};
		5E2692E624330A56006C7147 /* Preview Content */ = {
			isa = PBXGroup;
			children = (
				5E2692E724330A56006C7147 /* Preview Assets.xcassets */,
			);
			path = "Preview Content";
			sourceTree = "<group>";
		};
		5E2692F424330A56006C7147 /* kotlin-mpp-iosTests */ = {
			isa = PBXGroup;
			children = (
				5E2692F524330A56006C7147 /* kotlin_mpp_iosTests.swift */,
				5E2692F724330A56006C7147 /* Info.plist */,
			);
			path = "kotlin-mpp-iosTests";
			sourceTree = "<group>";
		};
		5E2692FF24330A56006C7147 /* kotlin-mpp-iosUITests */ = {
			isa = PBXGroup;
			children = (
				5E26930024330A56006C7147 /* kotlin_mpp_iosUITests.swift */,
				5E26930224330A56006C7147 /* Info.plist */,
			);
			path = "kotlin-mpp-iosUITests";
			sourceTree = "<group>";
		};
		5E26930E2435AE67006C7147 /* Frameworks */ = {
			isa = PBXGroup;
			children = (
				5E26930F2435AE67006C7147 /* kotlin_mpp_common.framework */,
			);
			name = Frameworks;
			sourceTree = "<group>";
		};
/* End PBXGroup section */

/* Begin PBXNativeTarget section */
		5E2692DA24330A55006C7147 /* kotlin-mpp-ios */ = {
			isa = PBXNativeTarget;
			buildConfigurationList = 5E26930524330A56006C7147 /* Build configuration list for PBXNativeTarget "kotlin-mpp-ios" */;
			buildPhases = (
				5E2692D724330A55006C7147 /* Sources */,
				5E2692D824330A55006C7147 /* Frameworks */,
				5E2692D924330A55006C7147 /* Resources */,
				5E2693122435AE68006C7147 /* Embed Frameworks */,
			);
			buildRules = (
			);
			dependencies = (
			);
			name = "kotlin-mpp-ios";
			productName = "kotlin-mpp-ios";
			productReference = 5E2692DB24330A55006C7147 /* kotlin-mpp-ios.app */;
			productType = "com.apple.product-type.application";
		};
		5E2692F024330A56006C7147 /* kotlin-mpp-iosTests */ = {
			isa = PBXNativeTarget;
			buildConfigurationList = 5E26930824330A56006C7147 /* Build configuration list for PBXNativeTarget "kotlin-mpp-iosTests" */;
			buildPhases = (
				5E2692ED24330A56006C7147 /* Sources */,
				5E2692EE24330A56006C7147 /* Frameworks */,
				5E2692EF24330A56006C7147 /* Resources */,
			);
			buildRules = (
			);
			dependencies = (
				5E2692F324330A56006C7147 /* PBXTargetDependency */,
			);
			name = "kotlin-mpp-iosTests";
			productName = "kotlin-mpp-iosTests";
			productReference = 5E2692F124330A56006C7147 /* kotlin-mpp-iosTests.xctest */;
			productType = "com.apple.product-type.bundle.unit-test";
		};
		5E2692FB24330A56006C7147 /* kotlin-mpp-iosUITests */ = {
			isa = PBXNativeTarget;
			buildConfigurationList = 5E26930B24330A56006C7147 /* Build configuration list for PBXNativeTarget "kotlin-mpp-iosUITests" */;
			buildPhases = (
				5E2692F824330A56006C7147 /* Sources */,
				5E2692F924330A56006C7147 /* Frameworks */,
				5E2692FA24330A56006C7147 /* Resources */,
			);
			buildRules = (
			);
			dependencies = (
				5E2692FE24330A56006C7147 /* PBXTargetDependency */,
			);
			name = "kotlin-mpp-iosUITests";
			productName = "kotlin-mpp-iosUITests";
			productReference = 5E2692FC24330A56006C7147 /* kotlin-mpp-iosUITests.xctest */;
			productType = "com.apple.product-type.bundle.ui-testing";
		};
/* End PBXNativeTarget section */

/* Begin PBXProject section */
		5E2692D324330A55006C7147 /* Project object */ = {
			isa = PBXProject;
			attributes = {
				LastSwiftUpdateCheck = 1140;
				LastUpgradeCheck = 1140;
				ORGANIZATIONNAME = "Alexander Egger";
				TargetAttributes = {
					5E2692DA24330A55006C7147 = {
						CreatedOnToolsVersion = 11.4;
					};
					5E2692F024330A56006C7147 = {
						CreatedOnToolsVersion = 11.4;
						TestTargetID = 5E2692DA24330A55006C7147;
					};
					5E2692FB24330A56006C7147 = {
						CreatedOnToolsVersion = 11.4;
						TestTargetID = 5E2692DA24330A55006C7147;
					};
				};
			};
			buildConfigurationList = 5E2692D624330A55006C7147 /* Build configuration list for PBXProject "kotlin-mpp-ios" */;
			compatibilityVersion = "Xcode 9.3";
			developmentRegion = en;
			hasScannedForEncodings = 0;
			knownRegions = (
				en,
				Base,
			);
			mainGroup = 5E2692D224330A55006C7147;
			productRefGroup = 5E2692DC24330A55006C7147 /* Products */;
			projectDirPath = "";
			projectRoot = "";
			targets = (
				5E2692DA24330A55006C7147 /* kotlin-mpp-ios */,
				5E2692F024330A56006C7147 /* kotlin-mpp-iosTests */,
				5E2692FB24330A56006C7147 /* kotlin-mpp-iosUITests */,
			);
		};
/* End PBXProject section */

/* Begin PBXResourcesBuildPhase section */
		5E2692D924330A55006C7147 /* Resources */ = {
			isa = PBXResourcesBuildPhase;
			buildActionMask = 2147483647;
			files = (
				5E2692EB24330A56006C7147 /* LaunchScreen.storyboard in Resources */,
				5E2692E824330A56006C7147 /* Preview Assets.xcassets in Resources */,
				5E2692E524330A56006C7147 /* Assets.xcassets in Resources */,
			);
			runOnlyForDeploymentPostprocessing = 0;
		};
		5E2692EF24330A56006C7147 /* Resources */ = {
			isa = PBXResourcesBuildPhase;
			buildActionMask = 2147483647;
			files = (
			);
			runOnlyForDeploymentPostprocessing = 0;
		};
		5E2692FA24330A56006C7147 /* Resources */ = {
			isa = PBXResourcesBuildPhase;
			buildActionMask = 2147483647;
			files = (
			);
			runOnlyForDeploymentPostprocessing = 0;
		};
/* End PBXResourcesBuildPhase section */

/* Begin PBXSourcesBuildPhase section */
		5E2692D724330A55006C7147 /* Sources */ = {
			isa = PBXSourcesBuildPhase;
			buildActionMask = 2147483647;
			files = (
				5E2692DF24330A55006C7147 /* AppDelegate.swift in Sources */,
				5E8219842438753800906993 /* BoardView.swift in Sources */,
				5E2692E124330A55006C7147 /* SceneDelegate.swift in Sources */,
				5E2692E324330A55006C7147 /* ContentView.swift in Sources */,
			);
			runOnlyForDeploymentPostprocessing = 0;
		};
		5E2692ED24330A56006C7147 /* Sources */ = {
			isa = PBXSourcesBuildPhase;
			buildActionMask = 2147483647;
			files = (
				5E2692F624330A56006C7147 /* kotlin_mpp_iosTests.swift in Sources */,
			);
			runOnlyForDeploymentPostprocessing = 0;
		};
		5E2692F824330A56006C7147 /* Sources */ = {
			isa = PBXSourcesBuildPhase;
			buildActionMask = 2147483647;
			files = (
				5E26930124330A56006C7147 /* kotlin_mpp_iosUITests.swift in Sources */,
			);
			runOnlyForDeploymentPostprocessing = 0;
		};
/* End PBXSourcesBuildPhase section */

/* Begin PBXTargetDependency section */
		5E2692F324330A56006C7147 /* PBXTargetDependency */ = {
			isa = PBXTargetDependency;
			target = 5E2692DA24330A55006C7147 /* kotlin-mpp-ios */;
			targetProxy = 5E2692F224330A56006C7147 /* PBXContainerItemProxy */;
		};
		5E2692FE24330A56006C7147 /* PBXTargetDependency */ = {
			isa = PBXTargetDependency;
			target = 5E2692DA24330A55006C7147 /* kotlin-mpp-ios */;
			targetProxy = 5E2692FD24330A56006C7147 /* PBXContainerItemProxy */;
		};
/* End PBXTargetDependency section */

/* Begin PBXVariantGroup section */
		5E2692E924330A56006C7147 /* LaunchScreen.storyboard */ = {
			isa = PBXVariantGroup;
			children = (
				5E2692EA24330A56006C7147 /* Base */,
			);
			name = LaunchScreen.storyboard;
			sourceTree = "<group>";
		};
/* End PBXVariantGroup section */

/* Begin XCBuildConfiguration section */
		5E26930324330A56006C7147 /* Debug */ = {
			isa = XCBuildConfiguration;
			buildSettings = {
				ALWAYS_SEARCH_USER_PATHS = NO;
				CLANG_ANALYZER_NONNULL = YES;
				CLANG_ANALYZER_NUMBER_OBJECT_CONVERSION = YES_AGGRESSIVE;
				CLANG_CXX_LANGUAGE_STANDARD = "gnu++14";
				CLANG_CXX_LIBRARY = "libc++";
				CLANG_ENABLE_MODULES = YES;
				CLANG_ENABLE_OBJC_ARC = YES;
				CLANG_ENABLE_OBJC_WEAK = YES;
				CLANG_WARN_BLOCK_CAPTURE_AUTORELEASING = YES;
				CLANG_WARN_BOOL_CONVERSION = YES;
				CLANG_WARN_COMMA = YES;
				CLANG_WARN_CONSTANT_CONVERSION = YES;
				CLANG_WARN_DEPRECATED_OBJC_IMPLEMENTATIONS = YES;
				CLANG_WARN_DIRECT_OBJC_ISA_USAGE = YES_ERROR;
				CLANG_WARN_DOCUMENTATION_COMMENTS = YES;
				CLANG_WARN_EMPTY_BODY = YES;
				CLANG_WARN_ENUM_CONVERSION = YES;
				CLANG_WARN_INFINITE_RECURSION = YES;
				CLANG_WARN_INT_CONVERSION = YES;
				CLANG_WARN_NON_LITERAL_NULL_CONVERSION = YES;
				CLANG_WARN_OBJC_IMPLICIT_RETAIN_SELF = YES;
				CLANG_WARN_OBJC_LITERAL_CONVERSION = YES;
				CLANG_WARN_OBJC_ROOT_CLASS = YES_ERROR;
				CLANG_WARN_RANGE_LOOP_ANALYSIS = YES;
				CLANG_WARN_STRICT_PROTOTYPES = YES;
				CLANG_WARN_SUSPICIOUS_MOVE = YES;
				CLANG_WARN_UNGUARDED_AVAILABILITY = YES_AGGRESSIVE;
				CLANG_WARN_UNREACHABLE_CODE = YES;
				CLANG_WARN__DUPLICATE_METHOD_MATCH = YES;
				COPY_PHASE_STRIP = NO;
				DEBUG_INFORMATION_FORMAT = dwarf;
				ENABLE_STRICT_OBJC_MSGSEND = YES;
				ENABLE_TESTABILITY = YES;
				GCC_C_LANGUAGE_STANDARD = gnu11;
				GCC_DYNAMIC_NO_PIC = NO;
				GCC_NO_COMMON_BLOCKS = YES;
				GCC_OPTIMIZATION_LEVEL = 0;
				GCC_PREPROCESSOR_DEFINITIONS = (
					"DEBUG=1",
					"$(inherited)",
				);
				GCC_WARN_64_TO_32_BIT_CONVERSION = YES;
				GCC_WARN_ABOUT_RETURN_TYPE = YES_ERROR;
				GCC_WARN_UNDECLARED_SELECTOR = YES;
				GCC_WARN_UNINITIALIZED_AUTOS = YES_AGGRESSIVE;
				GCC_WARN_UNUSED_FUNCTION = YES;
				GCC_WARN_UNUSED_VARIABLE = YES;
				IPHONEOS_DEPLOYMENT_TARGET = 13.4;
				MTL_ENABLE_DEBUG_INFO = INCLUDE_SOURCE;
				MTL_FAST_MATH = YES;
				ONLY_ACTIVE_ARCH = YES;
				SDKROOT = iphoneos;
				SWIFT_ACTIVE_COMPILATION_CONDITIONS = DEBUG;
				SWIFT_OPTIMIZATION_LEVEL = "-Onone";
			};
			name = Debug;
		};
		5E26930424330A56006C7147 /* Release */ = {
			isa = XCBuildConfiguration;
			buildSettings = {
				ALWAYS_SEARCH_USER_PATHS = NO;
				CLANG_ANALYZER_NONNULL = YES;
				CLANG_ANALYZER_NUMBER_OBJECT_CONVERSION = YES_AGGRESSIVE;
				CLANG_CXX_LANGUAGE_STANDARD = "gnu++14";
				CLANG_CXX_LIBRARY = "libc++";
				CLANG_ENABLE_MODULES = YES;
				CLANG_ENABLE_OBJC_ARC = YES;
				CLANG_ENABLE_OBJC_WEAK = YES;
				CLANG_WARN_BLOCK_CAPTURE_AUTORELEASING = YES;
				CLANG_WARN_BOOL_CONVERSION = YES;
				CLANG_WARN_COMMA = YES;
				CLANG_WARN_CONSTANT_CONVERSION = YES;
				CLANG_WARN_DEPRECATED_OBJC_IMPLEMENTATIONS = YES;
				CLANG_WARN_DIRECT_OBJC_ISA_USAGE = YES_ERROR;
				CLANG_WARN_DOCUMENTATION_COMMENTS = YES;
				CLANG_WARN_EMPTY_BODY = YES;
				CLANG_WARN_ENUM_CONVERSION = YES;
				CLANG_WARN_INFINITE_RECURSION = YES;
				CLANG_WARN_INT_CONVERSION = YES;
				CLANG_WARN_NON_LITERAL_NULL_CONVERSION = YES;
				CLANG_WARN_OBJC_IMPLICIT_RETAIN_SELF = YES;
				CLANG_WARN_OBJC_LITERAL_CONVERSION = YES;
				CLANG_WARN_OBJC_ROOT_CLASS = YES_ERROR;
				CLANG_WARN_RANGE_LOOP_ANALYSIS = YES;
				CLANG_WARN_STRICT_PROTOTYPES = YES;
				CLANG_WARN_SUSPICIOUS_MOVE = YES;
				CLANG_WARN_UNGUARDED_AVAILABILITY = YES_AGGRESSIVE;
				CLANG_WARN_UNREACHABLE_CODE = YES;
				CLANG_WARN__DUPLICATE_METHOD_MATCH = YES;
				COPY_PHASE_STRIP = NO;
				DEBUG_INFORMATION_FORMAT = "dwarf-with-dsym";
				ENABLE_NS_ASSERTIONS = NO;
				ENABLE_STRICT_OBJC_MSGSEND = YES;
				GCC_C_LANGUAGE_STANDARD = gnu11;
				GCC_NO_COMMON_BLOCKS = YES;
				GCC_WARN_64_TO_32_BIT_CONVERSION = YES;
				GCC_WARN_ABOUT_RETURN_TYPE = YES_ERROR;
				GCC_WARN_UNDECLARED_SELECTOR = YES;
				GCC_WARN_UNINITIALIZED_AUTOS = YES_AGGRESSIVE;
				GCC_WARN_UNUSED_FUNCTION = YES;
				GCC_WARN_UNUSED_VARIABLE = YES;
				IPHONEOS_DEPLOYMENT_TARGET = 13.4;
				MTL_ENABLE_DEBUG_INFO = NO;
				MTL_FAST_MATH = YES;
				SDKROOT = iphoneos;
				SWIFT_COMPILATION_MODE = wholemodule;
				SWIFT_OPTIMIZATION_LEVEL = "-O";
				VALIDATE_PRODUCT = YES;
			};
			name = Release;
		};
		5E26930624330A56006C7147 /* Debug */ = {
			isa = XCBuildConfiguration;
			buildSettings = {
				ASSETCATALOG_COMPILER_APPICON_NAME = AppIcon;
				CODE_SIGN_STYLE = Automatic;
				DEVELOPMENT_ASSET_PATHS = "\"kotlin-mpp-ios/Preview Content\"";
				DEVELOPMENT_TEAM = L6G47836R9;
				ENABLE_PREVIEWS = YES;
				FRAMEWORK_SEARCH_PATHS = "$(SRCROOT)/../kotlin-mpp-common/build/bin/**";
				INFOPLIST_FILE = "kotlin-mpp-ios/Info.plist";
				LD_RUNPATH_SEARCH_PATHS = (
					"$(inherited)",
					"@executable_path/Frameworks",
				);
				PRODUCT_BUNDLE_IDENTIFIER = "egger.software.kotlin-mpp-ios";
				PRODUCT_NAME = "$(TARGET_NAME)";
				SWIFT_VERSION = 5.0;
				TARGETED_DEVICE_FAMILY = "1,2";
			};
			name = Debug;
		};
		5E26930724330A56006C7147 /* Release */ = {
			isa = XCBuildConfiguration;
			buildSettings = {
				ASSETCATALOG_COMPILER_APPICON_NAME = AppIcon;
				CODE_SIGN_STYLE = Automatic;
				DEVELOPMENT_ASSET_PATHS = "\"kotlin-mpp-ios/Preview Content\"";
				DEVELOPMENT_TEAM = L6G47836R9;
				ENABLE_PREVIEWS = YES;
				FRAMEWORK_SEARCH_PATHS = "$(SRCROOT)/../kotlin-mpp-common/build/bin/**";
				INFOPLIST_FILE = "kotlin-mpp-ios/Info.plist";
				LD_RUNPATH_SEARCH_PATHS = (
					"$(inherited)",
					"@executable_path/Frameworks",
				);
				PRODUCT_BUNDLE_IDENTIFIER = "egger.software.kotlin-mpp-ios";
				PRODUCT_NAME = "$(TARGET_NAME)";
				SWIFT_VERSION = 5.0;
				TARGETED_DEVICE_FAMILY = "1,2";
			};
			name = Release;
		};
		5E26930924330A56006C7147 /* Debug */ = {
			isa = XCBuildConfiguration;
			buildSettings = {
				ALWAYS_EMBED_SWIFT_STANDARD_LIBRARIES = YES;
				BUNDLE_LOADER = "$(TEST_HOST)";
				CODE_SIGN_STYLE = Automatic;
				DEVELOPMENT_TEAM = L6G47836R9;
				INFOPLIST_FILE = "kotlin-mpp-iosTests/Info.plist";
				IPHONEOS_DEPLOYMENT_TARGET = 13.4;
				LD_RUNPATH_SEARCH_PATHS = (
					"$(inherited)",
					"@executable_path/Frameworks",
					"@loader_path/Frameworks",
				);
				PRODUCT_BUNDLE_IDENTIFIER = "egger.software.kotlin-mpp-iosTests";
				PRODUCT_NAME = "$(TARGET_NAME)";
				SWIFT_VERSION = 5.0;
				TARGETED_DEVICE_FAMILY = "1,2";
				TEST_HOST = "$(BUILT_PRODUCTS_DIR)/kotlin-mpp-ios.app/kotlin-mpp-ios";
			};
			name = Debug;
		};
		5E26930A24330A56006C7147 /* Release */ = {
			isa = XCBuildConfiguration;
			buildSettings = {
				ALWAYS_EMBED_SWIFT_STANDARD_LIBRARIES = YES;
				BUNDLE_LOADER = "$(TEST_HOST)";
				CODE_SIGN_STYLE = Automatic;
				DEVELOPMENT_TEAM = L6G47836R9;
				INFOPLIST_FILE = "kotlin-mpp-iosTests/Info.plist";
				IPHONEOS_DEPLOYMENT_TARGET = 13.4;
				LD_RUNPATH_SEARCH_PATHS = (
					"$(inherited)",
					"@executable_path/Frameworks",
					"@loader_path/Frameworks",
				);
				PRODUCT_BUNDLE_IDENTIFIER = "egger.software.kotlin-mpp-iosTests";
				PRODUCT_NAME = "$(TARGET_NAME)";
				SWIFT_VERSION = 5.0;
				TARGETED_DEVICE_FAMILY = "1,2";
				TEST_HOST = "$(BUILT_PRODUCTS_DIR)/kotlin-mpp-ios.app/kotlin-mpp-ios";
			};
			name = Release;
		};
		5E26930C24330A56006C7147 /* Debug */ = {
			isa = XCBuildConfiguration;
			buildSettings = {
				ALWAYS_EMBED_SWIFT_STANDARD_LIBRARIES = YES;
				CODE_SIGN_STYLE = Automatic;
				DEVELOPMENT_TEAM = L6G47836R9;
				INFOPLIST_FILE = "kotlin-mpp-iosUITests/Info.plist";
				LD_RUNPATH_SEARCH_PATHS = (
					"$(inherited)",
					"@executable_path/Frameworks",
					"@loader_path/Frameworks",
				);
				PRODUCT_BUNDLE_IDENTIFIER = "egger.software.kotlin-mpp-iosUITests";
				PRODUCT_NAME = "$(TARGET_NAME)";
				SWIFT_VERSION = 5.0;
				TARGETED_DEVICE_FAMILY = "1,2";
				TEST_TARGET_NAME = "kotlin-mpp-ios";
			};
			name = Debug;
		};
		5E26930D24330A56006C7147 /* Release */ = {
			isa = XCBuildConfiguration;
			buildSettings = {
				ALWAYS_EMBED_SWIFT_STANDARD_LIBRARIES = YES;
				CODE_SIGN_STYLE = Automatic;
				DEVELOPMENT_TEAM = L6G47836R9;
				INFOPLIST_FILE = "kotlin-mpp-iosUITests/Info.plist";
				LD_RUNPATH_SEARCH_PATHS = (
					"$(inherited)",
					"@executable_path/Frameworks",
					"@loader_path/Frameworks",
				);
				PRODUCT_BUNDLE_IDENTIFIER = "egger.software.kotlin-mpp-iosUITests";
				PRODUCT_NAME = "$(TARGET_NAME)";
				SWIFT_VERSION = 5.0;
				TARGETED_DEVICE_FAMILY = "1,2";
				TEST_TARGET_NAME = "kotlin-mpp-ios";
			};
			name = Release;
		};
/* End XCBuildConfiguration section */

/* Begin XCConfigurationList section */
		5E2692D624330A55006C7147 /* Build configuration list for PBXProject "kotlin-mpp-ios" */ = {
			isa = XCConfigurationList;
			buildConfigurations = (
				5E26930324330A56006C7147 /* Debug */,
				5E26930424330A56006C7147 /* Release */,
			);
			defaultConfigurationIsVisible = 0;
			defaultConfigurationName = Release;
		};
		5E26930524330A56006C7147 /* Build configuration list for PBXNativeTarget "kotlin-mpp-ios" */ = {
			isa = XCConfigurationList;
			buildConfigurations = (
				5E26930624330A56006C7147 /* Debug */,
				5E26930724330A56006C7147 /* Release */,
			);
			defaultConfigurationIsVisible = 0;
			defaultConfigurationName = Release;
		};
		5E26930824330A56006C7147 /* Build configuration list for PBXNativeTarget "kotlin-mpp-iosTests" */ = {
			isa = XCConfigurationList;
			buildConfigurations = (
				5E26930924330A56006C7147 /* Debug */,
				5E26930A24330A56006C7147 /* Release */,
			);
			defaultConfigurationIsVisible = 0;
			defaultConfigurationName = Release;
		};
		5E26930B24330A56006C7147 /* Build configuration list for PBXNativeTarget "kotlin-mpp-iosUITests" */ = {
			isa = XCConfigurationList;
			buildConfigurations = (
				5E26930C24330A56006C7147 /* Debug */,
				5E26930D24330A56006C7147 /* Release */,
			);
			defaultConfigurationIsVisible = 0;
			defaultConfigurationName = Release;
		};
/* End XCConfigurationList section */
	};
	rootObject = 5E2692D324330A55006C7147 /* Project object */;
}
